// !$*UTF8*$!
{
	archiveVersion = 1;
	classes = {
	};
	objectVersion = 50;
	objects = {

/* Begin PBXBuildFile section */
		0A5B894E223ED95D00C742A1 /* RealisticLocationAnimator.swift in Sources */ = {isa = PBXBuildFile; fileRef = 0A5B894D223ED95D00C742A1 /* RealisticLocationAnimator.swift */; };
		0A5B8950223EDA2000C742A1 /* MovingAnimator.swift in Sources */ = {isa = PBXBuildFile; fileRef = 0A5B894F223EDA2000C742A1 /* MovingAnimator.swift */; };
		0A5B8952223EDA3B00C742A1 /* LinearMovingAnimator.swift in Sources */ = {isa = PBXBuildFile; fileRef = 0A5B8951223EDA3B00C742A1 /* LinearMovingAnimator.swift */; };
		0A5B8957223EDA9C00C742A1 /* HardRotationAnimator.swift in Sources */ = {isa = PBXBuildFile; fileRef = 0A5B8956223EDA9C00C742A1 /* HardRotationAnimator.swift */; };
		0A5B895A223EDB4400C742A1 /* CGPointHelper.swift in Sources */ = {isa = PBXBuildFile; fileRef = 0A5B8959223EDB4400C742A1 /* CGPointHelper.swift */; };
		0A5B895C223EDBB200C742A1 /* SimpleRotationAnimator.swift in Sources */ = {isa = PBXBuildFile; fileRef = 0A5B895B223EDBB200C742A1 /* SimpleRotationAnimator.swift */; };
		0A5B895E223EDBD600C742A1 /* RotationAnimator.swift in Sources */ = {isa = PBXBuildFile; fileRef = 0A5B895D223EDBD600C742A1 /* RotationAnimator.swift */; };
		0A5B8960223EDC0F00C742A1 /* LinearLocationAnimator.swift in Sources */ = {isa = PBXBuildFile; fileRef = 0A5B895F223EDC0F00C742A1 /* LinearLocationAnimator.swift */; };
		0A5B8962223EDC3700C742A1 /* BaseLocationAnimator.swift in Sources */ = {isa = PBXBuildFile; fileRef = 0A5B8961223EDC3700C742A1 /* BaseLocationAnimator.swift */; };
		0A5B8964223EDC6200C742A1 /* LocationAnimator.swift in Sources */ = {isa = PBXBuildFile; fileRef = 0A5B8963223EDC6200C742A1 /* LocationAnimator.swift */; };
		0A5B8967223EDD0D00C742A1 /* Location.swift in Sources */ = {isa = PBXBuildFile; fileRef = 0A5B8966223EDD0D00C742A1 /* Location.swift */; };
		0A5B8969223EDD3600C742A1 /* LocationProperties.swift in Sources */ = {isa = PBXBuildFile; fileRef = 0A5B8968223EDD3600C742A1 /* LocationProperties.swift */; };
		0A5B896B223EDD5600C742A1 /* CarLocationProperties.swift in Sources */ = {isa = PBXBuildFile; fileRef = 0A5B896A223EDD5600C742A1 /* CarLocationProperties.swift */; };
		0A5B896D223EDD6C00C742A1 /* TrajectoryProperties.swift in Sources */ = {isa = PBXBuildFile; fileRef = 0A5B896C223EDD6C00C742A1 /* TrajectoryProperties.swift */; };
		0A5B896F223EDDC300C742A1 /* RotationDirection.swift in Sources */ = {isa = PBXBuildFile; fileRef = 0A5B896E223EDDC300C742A1 /* RotationDirection.swift */; };
		0A5B8972223EDE3C00C742A1 /* CheckersView.swift in Sources */ = {isa = PBXBuildFile; fileRef = 0A5B8971223EDE3C00C742A1 /* CheckersView.swift */; };
		0A5B8974223EDFC400C742A1 /* WheelView.swift in Sources */ = {isa = PBXBuildFile; fileRef = 0A5B8973223EDFC400C742A1 /* WheelView.swift */; };
		0A5B8976223EE0B500C742A1 /* HeadView.swift in Sources */ = {isa = PBXBuildFile; fileRef = 0A5B8975223EE0B500C742A1 /* HeadView.swift */; };
		0A5B8978223EE17300C742A1 /* TargetView.swift in Sources */ = {isa = PBXBuildFile; fileRef = 0A5B8977223EE17300C742A1 /* TargetView.swift */; };
		0A5B897A223EE87A00C742A1 /* AnimatorsSegmentedControl.swift in Sources */ = {isa = PBXBuildFile; fileRef = 0A5B8979223EE87A00C742A1 /* AnimatorsSegmentedControl.swift */; };
		0A5B897D223EF19D00C742A1 /* CALayerHelperTests.swift in Sources */ = {isa = PBXBuildFile; fileRef = 0A5B897C223EF19D00C742A1 /* CALayerHelperTests.swift */; };
		0A5B897F223EF43800C742A1 /* CGPointHelperTests.swift in Sources */ = {isa = PBXBuildFile; fileRef = 0A5B897E223EF43800C742A1 /* CGPointHelperTests.swift */; };
		0A5B8981223EF79300C742A1 /* UIViewHelperTests.swift in Sources */ = {isa = PBXBuildFile; fileRef = 0A5B8980223EF79300C742A1 /* UIViewHelperTests.swift */; };
		0A5B8985223EFA3300C742A1 /* ViewControllerViewModel.swift in Sources */ = {isa = PBXBuildFile; fileRef = 0A5B8984223EFA3300C742A1 /* ViewControllerViewModel.swift */; };
		0A5B8989223EFBC700C742A1 /* TransportAnimationViewModel.swift in Sources */ = {isa = PBXBuildFile; fileRef = 0A5B8988223EFBC700C742A1 /* TransportAnimationViewModel.swift */; };
		0A5B898B223EFC2300C742A1 /* TransportAnimationVCDelegate.swift in Sources */ = {isa = PBXBuildFile; fileRef = 0A5B898A223EFC2300C742A1 /* TransportAnimationVCDelegate.swift */; };
		0A81A622223A4A3A006AA0A5 /* AppDelegate.swift in Sources */ = {isa = PBXBuildFile; fileRef = 0A81A621223A4A3A006AA0A5 /* AppDelegate.swift */; };
		0A81A624223A4A3A006AA0A5 /* ViewController.swift in Sources */ = {isa = PBXBuildFile; fileRef = 0A81A623223A4A3A006AA0A5 /* ViewController.swift */; };
		0A81A627223A4A3A006AA0A5 /* Main.storyboard in Resources */ = {isa = PBXBuildFile; fileRef = 0A81A625223A4A3A006AA0A5 /* Main.storyboard */; };
		0A81A629223A4A3B006AA0A5 /* Assets.xcassets in Resources */ = {isa = PBXBuildFile; fileRef = 0A81A628223A4A3B006AA0A5 /* Assets.xcassets */; };
		0A81A62C223A4A3B006AA0A5 /* LaunchScreen.storyboard in Resources */ = {isa = PBXBuildFile; fileRef = 0A81A62A223A4A3B006AA0A5 /* LaunchScreen.storyboard */; };
		0A81A643223A4AA4006AA0A5 /* CarView.swift in Sources */ = {isa = PBXBuildFile; fileRef = 0A81A641223A4AA3006AA0A5 /* CarView.swift */; };
		0A81A644223A4AA4006AA0A5 /* Transport.swift in Sources */ = {isa = PBXBuildFile; fileRef = 0A81A642223A4AA4006AA0A5 /* Transport.swift */; };
		0A81A647223A4AFA006AA0A5 /* UIViewHelper.swift in Sources */ = {isa = PBXBuildFile; fileRef = 0A81A646223A4AFA006AA0A5 /* UIViewHelper.swift */; };
		0A81A649223A4B15006AA0A5 /* CALayerHelper.swift in Sources */ = {isa = PBXBuildFile; fileRef = 0A81A648223A4B15006AA0A5 /* CALayerHelper.swift */; };
		0A81A64C223A4BC3006AA0A5 /* LocationAnimatorFactory.swift in Sources */ = {isa = PBXBuildFile; fileRef = 0A81A64B223A4BC3006AA0A5 /* LocationAnimatorFactory.swift */; };
		0A81A64E223A4BE2006AA0A5 /* TransportFactory.swift in Sources */ = {isa = PBXBuildFile; fileRef = 0A81A64D223A4BE2006AA0A5 /* TransportFactory.swift */; };
/* End PBXBuildFile section */

/* Begin PBXContainerItemProxy section */
		0A81A633223A4A3B006AA0A5 /* PBXContainerItemProxy */ = {
			isa = PBXContainerItemProxy;
			containerPortal = 0A81A616223A4A3A006AA0A5 /* Project object */;
			proxyType = 1;
			remoteGlobalIDString = 0A81A61D223A4A3A006AA0A5;
			remoteInfo = CarSimulator;
		};
/* End PBXContainerItemProxy section */

/* Begin PBXFileReference section */
		0A5B894D223ED95D00C742A1 /* RealisticLocationAnimator.swift */ = {isa = PBXFileReference; lastKnownFileType = sourcecode.swift; path = RealisticLocationAnimator.swift; sourceTree = "<group>"; };
		0A5B894F223EDA2000C742A1 /* MovingAnimator.swift */ = {isa = PBXFileReference; lastKnownFileType = sourcecode.swift; path = MovingAnimator.swift; sourceTree = "<group>"; };
		0A5B8951223EDA3B00C742A1 /* LinearMovingAnimator.swift */ = {isa = PBXFileReference; lastKnownFileType = sourcecode.swift; path = LinearMovingAnimator.swift; sourceTree = "<group>"; };
		0A5B8956223EDA9C00C742A1 /* HardRotationAnimator.swift */ = {isa = PBXFileReference; lastKnownFileType = sourcecode.swift; path = HardRotationAnimator.swift; sourceTree = "<group>"; };
		0A5B8959223EDB4400C742A1 /* CGPointHelper.swift */ = {isa = PBXFileReference; lastKnownFileType = sourcecode.swift; path = CGPointHelper.swift; sourceTree = "<group>"; };
		0A5B895B223EDBB200C742A1 /* SimpleRotationAnimator.swift */ = {isa = PBXFileReference; lastKnownFileType = sourcecode.swift; path = SimpleRotationAnimator.swift; sourceTree = "<group>"; };
		0A5B895D223EDBD600C742A1 /* RotationAnimator.swift */ = {isa = PBXFileReference; lastKnownFileType = sourcecode.swift; path = RotationAnimator.swift; sourceTree = "<group>"; };
		0A5B895F223EDC0F00C742A1 /* LinearLocationAnimator.swift */ = {isa = PBXFileReference; lastKnownFileType = sourcecode.swift; path = LinearLocationAnimator.swift; sourceTree = "<group>"; };
		0A5B8961223EDC3700C742A1 /* BaseLocationAnimator.swift */ = {isa = PBXFileReference; lastKnownFileType = sourcecode.swift; path = BaseLocationAnimator.swift; sourceTree = "<group>"; };
		0A5B8963223EDC6200C742A1 /* LocationAnimator.swift */ = {isa = PBXFileReference; lastKnownFileType = sourcecode.swift; path = LocationAnimator.swift; sourceTree = "<group>"; };
		0A5B8966223EDD0D00C742A1 /* Location.swift */ = {isa = PBXFileReference; lastKnownFileType = sourcecode.swift; path = Location.swift; sourceTree = "<group>"; };
		0A5B8968223EDD3600C742A1 /* LocationProperties.swift */ = {isa = PBXFileReference; lastKnownFileType = sourcecode.swift; path = LocationProperties.swift; sourceTree = "<group>"; };
		0A5B896A223EDD5600C742A1 /* CarLocationProperties.swift */ = {isa = PBXFileReference; lastKnownFileType = sourcecode.swift; path = CarLocationProperties.swift; sourceTree = "<group>"; };
		0A5B896C223EDD6C00C742A1 /* TrajectoryProperties.swift */ = {isa = PBXFileReference; lastKnownFileType = sourcecode.swift; path = TrajectoryProperties.swift; sourceTree = "<group>"; };
		0A5B896E223EDDC300C742A1 /* RotationDirection.swift */ = {isa = PBXFileReference; lastKnownFileType = sourcecode.swift; path = RotationDirection.swift; sourceTree = "<group>"; };
		0A5B8971223EDE3C00C742A1 /* CheckersView.swift */ = {isa = PBXFileReference; lastKnownFileType = sourcecode.swift; path = CheckersView.swift; sourceTree = "<group>"; };
		0A5B8973223EDFC400C742A1 /* WheelView.swift */ = {isa = PBXFileReference; lastKnownFileType = sourcecode.swift; path = WheelView.swift; sourceTree = "<group>"; };
		0A5B8975223EE0B500C742A1 /* HeadView.swift */ = {isa = PBXFileReference; lastKnownFileType = sourcecode.swift; path = HeadView.swift; sourceTree = "<group>"; };
		0A5B8977223EE17300C742A1 /* TargetView.swift */ = {isa = PBXFileReference; lastKnownFileType = sourcecode.swift; path = TargetView.swift; sourceTree = "<group>"; };
		0A5B8979223EE87A00C742A1 /* AnimatorsSegmentedControl.swift */ = {isa = PBXFileReference; lastKnownFileType = sourcecode.swift; path = AnimatorsSegmentedControl.swift; sourceTree = "<group>"; };
		0A5B897C223EF19D00C742A1 /* CALayerHelperTests.swift */ = {isa = PBXFileReference; lastKnownFileType = sourcecode.swift; path = CALayerHelperTests.swift; sourceTree = "<group>"; };
		0A5B897E223EF43800C742A1 /* CGPointHelperTests.swift */ = {isa = PBXFileReference; lastKnownFileType = sourcecode.swift; path = CGPointHelperTests.swift; sourceTree = "<group>"; };
		0A5B8980223EF79300C742A1 /* UIViewHelperTests.swift */ = {isa = PBXFileReference; lastKnownFileType = sourcecode.swift; path = UIViewHelperTests.swift; sourceTree = "<group>"; };
		0A5B8984223EFA3300C742A1 /* ViewControllerViewModel.swift */ = {isa = PBXFileReference; lastKnownFileType = sourcecode.swift; path = ViewControllerViewModel.swift; sourceTree = "<group>"; };
		0A5B8988223EFBC700C742A1 /* TransportAnimationViewModel.swift */ = {isa = PBXFileReference; lastKnownFileType = sourcecode.swift; path = TransportAnimationViewModel.swift; sourceTree = "<group>"; };
		0A5B898A223EFC2300C742A1 /* TransportAnimationVCDelegate.swift */ = {isa = PBXFileReference; lastKnownFileType = sourcecode.swift; path = TransportAnimationVCDelegate.swift; sourceTree = "<group>"; };
		0A81A61E223A4A3A006AA0A5 /* CarSimulator.app */ = {isa = PBXFileReference; explicitFileType = wrapper.application; includeInIndex = 0; path = CarSimulator.app; sourceTree = BUILT_PRODUCTS_DIR; };
		0A81A621223A4A3A006AA0A5 /* AppDelegate.swift */ = {isa = PBXFileReference; lastKnownFileType = sourcecode.swift; path = AppDelegate.swift; sourceTree = "<group>"; };
		0A81A623223A4A3A006AA0A5 /* ViewController.swift */ = {isa = PBXFileReference; lastKnownFileType = sourcecode.swift; path = ViewController.swift; sourceTree = "<group>"; };
		0A81A626223A4A3A006AA0A5 /* Base */ = {isa = PBXFileReference; lastKnownFileType = file.storyboard; name = Base; path = Base.lproj/Main.storyboard; sourceTree = "<group>"; };
		0A81A628223A4A3B006AA0A5 /* Assets.xcassets */ = {isa = PBXFileReference; lastKnownFileType = folder.assetcatalog; path = Assets.xcassets; sourceTree = "<group>"; };
		0A81A62B223A4A3B006AA0A5 /* Base */ = {isa = PBXFileReference; lastKnownFileType = file.storyboard; name = Base; path = Base.lproj/LaunchScreen.storyboard; sourceTree = "<group>"; };
		0A81A62D223A4A3B006AA0A5 /* Info.plist */ = {isa = PBXFileReference; lastKnownFileType = text.plist.xml; path = Info.plist; sourceTree = "<group>"; };
		0A81A632223A4A3B006AA0A5 /* CarSimulatorTests.xctest */ = {isa = PBXFileReference; explicitFileType = wrapper.cfbundle; includeInIndex = 0; path = CarSimulatorTests.xctest; sourceTree = BUILT_PRODUCTS_DIR; };
		0A81A638223A4A3B006AA0A5 /* Info.plist */ = {isa = PBXFileReference; lastKnownFileType = text.plist.xml; path = Info.plist; sourceTree = "<group>"; };
		0A81A641223A4AA3006AA0A5 /* CarView.swift */ = {isa = PBXFileReference; fileEncoding = 4; lastKnownFileType = sourcecode.swift; path = CarView.swift; sourceTree = "<group>"; };
		0A81A642223A4AA4006AA0A5 /* Transport.swift */ = {isa = PBXFileReference; fileEncoding = 4; lastKnownFileType = sourcecode.swift; path = Transport.swift; sourceTree = "<group>"; };
		0A81A646223A4AFA006AA0A5 /* UIViewHelper.swift */ = {isa = PBXFileReference; lastKnownFileType = sourcecode.swift; path = UIViewHelper.swift; sourceTree = "<group>"; };
		0A81A648223A4B15006AA0A5 /* CALayerHelper.swift */ = {isa = PBXFileReference; lastKnownFileType = sourcecode.swift; path = CALayerHelper.swift; sourceTree = "<group>"; };
		0A81A64B223A4BC3006AA0A5 /* LocationAnimatorFactory.swift */ = {isa = PBXFileReference; lastKnownFileType = sourcecode.swift; path = LocationAnimatorFactory.swift; sourceTree = "<group>"; };
		0A81A64D223A4BE2006AA0A5 /* TransportFactory.swift */ = {isa = PBXFileReference; lastKnownFileType = sourcecode.swift; path = TransportFactory.swift; sourceTree = "<group>"; };
/* End PBXFileReference section */

/* Begin PBXFrameworksBuildPhase section */
		0A81A61B223A4A3A006AA0A5 /* Frameworks */ = {
			isa = PBXFrameworksBuildPhase;
			buildActionMask = 2147483647;
			files = (
			);
			runOnlyForDeploymentPostprocessing = 0;
		};
		0A81A62F223A4A3B006AA0A5 /* Frameworks */ = {
			isa = PBXFrameworksBuildPhase;
			buildActionMask = 2147483647;
			files = (
			);
			runOnlyForDeploymentPostprocessing = 0;
		};
/* End PBXFrameworksBuildPhase section */

/* Begin PBXGroup section */
		0A5B894C223ED94D00C742A1 /* Animators */ = {
			isa = PBXGroup;
			children = (
				0A5B8953223EDA4300C742A1 /* Location */,
				0A5B8954223EDA4B00C742A1 /* Rotation */,
				0A5B8955223EDA5200C742A1 /* Moving */,
			);
			path = Animators;
			sourceTree = "<group>";
		};
		0A5B8953223EDA4300C742A1 /* Location */ = {
			isa = PBXGroup;
			children = (
				0A5B8963223EDC6200C742A1 /* LocationAnimator.swift */,
				0A5B8961223EDC3700C742A1 /* BaseLocationAnimator.swift */,
				0A5B895F223EDC0F00C742A1 /* LinearLocationAnimator.swift */,
				0A5B894D223ED95D00C742A1 /* RealisticLocationAnimator.swift */,
			);
			path = Location;
			sourceTree = "<group>";
		};
		0A5B8954223EDA4B00C742A1 /* Rotation */ = {
			isa = PBXGroup;
			children = (
				0A5B895D223EDBD600C742A1 /* RotationAnimator.swift */,
				0A5B895B223EDBB200C742A1 /* SimpleRotationAnimator.swift */,
				0A5B8956223EDA9C00C742A1 /* HardRotationAnimator.swift */,
			);
			path = Rotation;
			sourceTree = "<group>";
		};
		0A5B8955223EDA5200C742A1 /* Moving */ = {
			isa = PBXGroup;
			children = (
				0A5B894F223EDA2000C742A1 /* MovingAnimator.swift */,
				0A5B8951223EDA3B00C742A1 /* LinearMovingAnimator.swift */,
			);
			path = Moving;
			sourceTree = "<group>";
		};
		0A5B8965223EDCE600C742A1 /* Models */ = {
			isa = PBXGroup;
			children = (
				0A81A642223A4AA4006AA0A5 /* Transport.swift */,
				0A5B8966223EDD0D00C742A1 /* Location.swift */,
				0A5B8968223EDD3600C742A1 /* LocationProperties.swift */,
				0A5B896A223EDD5600C742A1 /* CarLocationProperties.swift */,
				0A5B896C223EDD6C00C742A1 /* TrajectoryProperties.swift */,
				0A5B896E223EDDC300C742A1 /* RotationDirection.swift */,
			);
			path = Models;
			sourceTree = "<group>";
		};
		0A5B8970223EDE0E00C742A1 /* Views */ = {
			isa = PBXGroup;
			children = (
				0A81A641223A4AA3006AA0A5 /* CarView.swift */,
				0A5B8971223EDE3C00C742A1 /* CheckersView.swift */,
				0A5B8973223EDFC400C742A1 /* WheelView.swift */,
				0A5B8975223EE0B500C742A1 /* HeadView.swift */,
				0A5B8977223EE17300C742A1 /* TargetView.swift */,
				0A5B8979223EE87A00C742A1 /* AnimatorsSegmentedControl.swift */,
			);
			path = Views;
			sourceTree = "<group>";
		};
		0A5B897B223EF15700C742A1 /* Helpers */ = {
			isa = PBXGroup;
			children = (
				0A5B8980223EF79300C742A1 /* UIViewHelperTests.swift */,
				0A5B897C223EF19D00C742A1 /* CALayerHelperTests.swift */,
				0A5B897E223EF43800C742A1 /* CGPointHelperTests.swift */,
			);
			path = Helpers;
			sourceTree = "<group>";
		};
		0A5B8986223EFAA300C742A1 /* MainModule */ = {
			isa = PBXGroup;
			children = (
				0A81A625223A4A3A006AA0A5 /* Main.storyboard */,
				0A81A623223A4A3A006AA0A5 /* ViewController.swift */,
				0A5B8984223EFA3300C742A1 /* ViewControllerViewModel.swift */,
				0A5B8988223EFBC700C742A1 /* TransportAnimationViewModel.swift */,
				0A5B898A223EFC2300C742A1 /* TransportAnimationVCDelegate.swift */,
			);
			path = MainModule;
			sourceTree = "<group>";
		};
		0A5B8987223EFAB700C742A1 /* GameModules */ = {
			isa = PBXGroup;
			children = (
				0A5B8986223EFAA300C742A1 /* MainModule */,
			);
			path = GameModules;
			sourceTree = "<group>";
		};
		0A81A615223A4A3A006AA0A5 = {
			isa = PBXGroup;
			children = (
				0A81A620223A4A3A006AA0A5 /* CarSimulator */,
				0A81A635223A4A3B006AA0A5 /* CarSimulatorTests */,
				0A81A61F223A4A3A006AA0A5 /* Products */,
			);
			sourceTree = "<group>";
		};
		0A81A61F223A4A3A006AA0A5 /* Products */ = {
			isa = PBXGroup;
			children = (
				0A81A61E223A4A3A006AA0A5 /* CarSimulator.app */,
				0A81A632223A4A3B006AA0A5 /* CarSimulatorTests.xctest */,
			);
			name = Products;
			sourceTree = "<group>";
		};
		0A81A620223A4A3A006AA0A5 /* CarSimulator */ = {
			isa = PBXGroup;
			children = (
				0A81A645223A4AE5006AA0A5 /* Helpers */,
				0A5B8965223EDCE600C742A1 /* Models */,
				0A5B894C223ED94D00C742A1 /* Animators */,
				0A81A64A223A4BA5006AA0A5 /* Factories */,
				0A5B8970223EDE0E00C742A1 /* Views */,
				0A5B8987223EFAB700C742A1 /* GameModules */,
				0A81A621223A4A3A006AA0A5 /* AppDelegate.swift */,
				0A81A628223A4A3B006AA0A5 /* Assets.xcassets */,
				0A81A62A223A4A3B006AA0A5 /* LaunchScreen.storyboard */,
				0A81A62D223A4A3B006AA0A5 /* Info.plist */,
			);
			path = CarSimulator;
			sourceTree = "<group>";
		};
		0A81A635223A4A3B006AA0A5 /* CarSimulatorTests */ = {
			isa = PBXGroup;
			children = (
				0A5B897B223EF15700C742A1 /* Helpers */,
				0A81A638223A4A3B006AA0A5 /* Info.plist */,
			);
			path = CarSimulatorTests;
			sourceTree = "<group>";
		};
		0A81A645223A4AE5006AA0A5 /* Helpers */ = {
			isa = PBXGroup;
			children = (
				0A81A646223A4AFA006AA0A5 /* UIViewHelper.swift */,
				0A81A648223A4B15006AA0A5 /* CALayerHelper.swift */,
				0A5B8959223EDB4400C742A1 /* CGPointHelper.swift */,
			);
			path = Helpers;
			sourceTree = "<group>";
		};
		0A81A64A223A4BA5006AA0A5 /* Factories */ = {
			isa = PBXGroup;
			children = (
				0A81A64B223A4BC3006AA0A5 /* LocationAnimatorFactory.swift */,
				0A81A64D223A4BE2006AA0A5 /* TransportFactory.swift */,
			);
			path = Factories;
			sourceTree = "<group>";
		};
/* End PBXGroup section */

/* Begin PBXNativeTarget section */
		0A81A61D223A4A3A006AA0A5 /* CarSimulator */ = {
			isa = PBXNativeTarget;
			buildConfigurationList = 0A81A63B223A4A3B006AA0A5 /* Build configuration list for PBXNativeTarget "CarSimulator" */;
			buildPhases = (
				0A81A61A223A4A3A006AA0A5 /* Sources */,
				0A81A61B223A4A3A006AA0A5 /* Frameworks */,
				0A81A61C223A4A3A006AA0A5 /* Resources */,
			);
			buildRules = (
			);
			dependencies = (
			);
			name = CarSimulator;
			productName = CarSimulator;
			productReference = 0A81A61E223A4A3A006AA0A5 /* CarSimulator.app */;
			productType = "com.apple.product-type.application";
		};
		0A81A631223A4A3B006AA0A5 /* CarSimulatorTests */ = {
			isa = PBXNativeTarget;
			buildConfigurationList = 0A81A63E223A4A3B006AA0A5 /* Build configuration list for PBXNativeTarget "CarSimulatorTests" */;
			buildPhases = (
				0A81A62E223A4A3B006AA0A5 /* Sources */,
				0A81A62F223A4A3B006AA0A5 /* Frameworks */,
				0A81A630223A4A3B006AA0A5 /* Resources */,
			);
			buildRules = (
			);
			dependencies = (
				0A81A634223A4A3B006AA0A5 /* PBXTargetDependency */,
			);
			name = CarSimulatorTests;
			productName = CarSimulatorTests;
			productReference = 0A81A632223A4A3B006AA0A5 /* CarSimulatorTests.xctest */;
			productType = "com.apple.product-type.bundle.unit-test";
		};
/* End PBXNativeTarget section */

/* Begin PBXProject section */
		0A81A616223A4A3A006AA0A5 /* Project object */ = {
			isa = PBXProject;
			attributes = {
				LastSwiftUpdateCheck = 1010;
				LastUpgradeCheck = 1010;
				ORGANIZATIONNAME = "Dmitry Polyakov";
				TargetAttributes = {
					0A81A61D223A4A3A006AA0A5 = {
						CreatedOnToolsVersion = 10.1;
					};
					0A81A631223A4A3B006AA0A5 = {
						CreatedOnToolsVersion = 10.1;
						TestTargetID = 0A81A61D223A4A3A006AA0A5;
					};
				};
			};
			buildConfigurationList = 0A81A619223A4A3A006AA0A5 /* Build configuration list for PBXProject "CarSimulator" */;
			compatibilityVersion = "Xcode 9.3";
			developmentRegion = en;
			hasScannedForEncodings = 0;
			knownRegions = (
				en,
				Base,
			);
			mainGroup = 0A81A615223A4A3A006AA0A5;
			productRefGroup = 0A81A61F223A4A3A006AA0A5 /* Products */;
			projectDirPath = "";
			projectRoot = "";
			targets = (
				0A81A61D223A4A3A006AA0A5 /* CarSimulator */,
				0A81A631223A4A3B006AA0A5 /* CarSimulatorTests */,
			);
		};
/* End PBXProject section */

/* Begin PBXResourcesBuildPhase section */
		0A81A61C223A4A3A006AA0A5 /* Resources */ = {
			isa = PBXResourcesBuildPhase;
			buildActionMask = 2147483647;
			files = (
				0A81A62C223A4A3B006AA0A5 /* LaunchScreen.storyboard in Resources */,
				0A81A629223A4A3B006AA0A5 /* Assets.xcassets in Resources */,
				0A81A627223A4A3A006AA0A5 /* Main.storyboard in Resources */,
			);
			runOnlyForDeploymentPostprocessing = 0;
		};
		0A81A630223A4A3B006AA0A5 /* Resources */ = {
			isa = PBXResourcesBuildPhase;
			buildActionMask = 2147483647;
			files = (
			);
			runOnlyForDeploymentPostprocessing = 0;
		};
/* End PBXResourcesBuildPhase section */

/* Begin PBXSourcesBuildPhase section */
		0A81A61A223A4A3A006AA0A5 /* Sources */ = {
			isa = PBXSourcesBuildPhase;
			buildActionMask = 2147483647;
			files = (
				0A81A647223A4AFA006AA0A5 /* UIViewHelper.swift in Sources */,
				0A5B8989223EFBC700C742A1 /* TransportAnimationViewModel.swift in Sources */,
				0A5B895A223EDB4400C742A1 /* CGPointHelper.swift in Sources */,
				0A5B8962223EDC3700C742A1 /* BaseLocationAnimator.swift in Sources */,
				0A81A64C223A4BC3006AA0A5 /* LocationAnimatorFactory.swift in Sources */,
				0A5B8952223EDA3B00C742A1 /* LinearMovingAnimator.swift in Sources */,
				0A5B896B223EDD5600C742A1 /* CarLocationProperties.swift in Sources */,
				0A81A649223A4B15006AA0A5 /* CALayerHelper.swift in Sources */,
				0A81A624223A4A3A006AA0A5 /* ViewController.swift in Sources */,
				0A5B8985223EFA3300C742A1 /* ViewControllerViewModel.swift in Sources */,
				0A5B8978223EE17300C742A1 /* TargetView.swift in Sources */,
				0A5B898B223EFC2300C742A1 /* TransportAnimationVCDelegate.swift in Sources */,
				0A5B8974223EDFC400C742A1 /* WheelView.swift in Sources */,
				0A5B8972223EDE3C00C742A1 /* CheckersView.swift in Sources */,
				0A5B8964223EDC6200C742A1 /* LocationAnimator.swift in Sources */,
				0A5B896F223EDDC300C742A1 /* RotationDirection.swift in Sources */,
				0A5B8960223EDC0F00C742A1 /* LinearLocationAnimator.swift in Sources */,
				0A5B8969223EDD3600C742A1 /* LocationProperties.swift in Sources */,
				0A5B895C223EDBB200C742A1 /* SimpleRotationAnimator.swift in Sources */,
				0A5B895E223EDBD600C742A1 /* RotationAnimator.swift in Sources */,
				0A81A622223A4A3A006AA0A5 /* AppDelegate.swift in Sources */,
				0A81A644223A4AA4006AA0A5 /* Transport.swift in Sources */,
				0A5B8976223EE0B500C742A1 /* HeadView.swift in Sources */,
				0A5B896D223EDD6C00C742A1 /* TrajectoryProperties.swift in Sources */,
				0A5B897A223EE87A00C742A1 /* AnimatorsSegmentedControl.swift in Sources */,
				0A5B8957223EDA9C00C742A1 /* HardRotationAnimator.swift in Sources */,
				0A5B8967223EDD0D00C742A1 /* Location.swift in Sources */,
				0A5B8950223EDA2000C742A1 /* MovingAnimator.swift in Sources */,
				0A5B894E223ED95D00C742A1 /* RealisticLocationAnimator.swift in Sources */,
				0A81A64E223A4BE2006AA0A5 /* TransportFactory.swift in Sources */,
				0A81A643223A4AA4006AA0A5 /* CarView.swift in Sources */,
			);
			runOnlyForDeploymentPostprocessing = 0;
		};
		0A81A62E223A4A3B006AA0A5 /* Sources */ = {
			isa = PBXSourcesBuildPhase;
			buildActionMask = 2147483647;
			files = (
				0A5B897F223EF43800C742A1 /* CGPointHelperTests.swift in Sources */,
				0A5B8981223EF79300C742A1 /* UIViewHelperTests.swift in Sources */,
				0A5B897D223EF19D00C742A1 /* CALayerHelperTests.swift in Sources */,
			);
			runOnlyForDeploymentPostprocessing = 0;
		};
/* End PBXSourcesBuildPhase section */

/* Begin PBXTargetDependency section */
		0A81A634223A4A3B006AA0A5 /* PBXTargetDependency */ = {
			isa = PBXTargetDependency;
			target = 0A81A61D223A4A3A006AA0A5 /* CarSimulator */;
			targetProxy = 0A81A633223A4A3B006AA0A5 /* PBXContainerItemProxy */;
		};
/* End PBXTargetDependency section */

/* Begin PBXVariantGroup section */
		0A81A625223A4A3A006AA0A5 /* Main.storyboard */ = {
			isa = PBXVariantGroup;
			children = (
				0A81A626223A4A3A006AA0A5 /* Base */,
			);
			name = Main.storyboard;
			sourceTree = "<group>";
		};
		0A81A62A223A4A3B006AA0A5 /* LaunchScreen.storyboard */ = {
			isa = PBXVariantGroup;
			children = (
				0A81A62B223A4A3B006AA0A5 /* Base */,
			);
			name = LaunchScreen.storyboard;
			sourceTree = "<group>";
		};
/* End PBXVariantGroup section */

/* Begin XCBuildConfiguration section */
		0A81A639223A4A3B006AA0A5 /* Debug */ = {
			isa = XCBuildConfiguration;
			buildSettings = {
				ALWAYS_SEARCH_USER_PATHS = NO;
				CLANG_ANALYZER_NONNULL = YES;
				CLANG_ANALYZER_NUMBER_OBJECT_CONVERSION = YES_AGGRESSIVE;
				CLANG_CXX_LANGUAGE_STANDARD = "gnu++14";
				CLANG_CXX_LIBRARY = "libc++";
				CLANG_ENABLE_MODULES = YES;
				CLANG_ENABLE_OBJC_ARC = YES;
				CLANG_ENABLE_OBJC_WEAK = YES;
				CLANG_WARN_BLOCK_CAPTURE_AUTORELEASING = YES;
				CLANG_WARN_BOOL_CONVERSION = YES;
				CLANG_WARN_COMMA = YES;
				CLANG_WARN_CONSTANT_CONVERSION = YES;
				CLANG_WARN_DEPRECATED_OBJC_IMPLEMENTATIONS = YES;
				CLANG_WARN_DIRECT_OBJC_ISA_USAGE = YES_ERROR;
				CLANG_WARN_DOCUMENTATION_COMMENTS = YES;
				CLANG_WARN_EMPTY_BODY = YES;
				CLANG_WARN_ENUM_CONVERSION = YES;
				CLANG_WARN_INFINITE_RECURSION = YES;
				CLANG_WARN_INT_CONVERSION = YES;
				CLANG_WARN_NON_LITERAL_NULL_CONVERSION = YES;
				CLANG_WARN_OBJC_IMPLICIT_RETAIN_SELF = YES;
				CLANG_WARN_OBJC_LITERAL_CONVERSION = YES;
				CLANG_WARN_OBJC_ROOT_CLASS = YES_ERROR;
				CLANG_WARN_RANGE_LOOP_ANALYSIS = YES;
				CLANG_WARN_STRICT_PROTOTYPES = YES;
				CLANG_WARN_SUSPICIOUS_MOVE = YES;
				CLANG_WARN_UNGUARDED_AVAILABILITY = YES_AGGRESSIVE;
				CLANG_WARN_UNREACHABLE_CODE = YES;
				CLANG_WARN__DUPLICATE_METHOD_MATCH = YES;
				CODE_SIGN_IDENTITY = "iPhone Developer";
				COPY_PHASE_STRIP = NO;
				DEBUG_INFORMATION_FORMAT = dwarf;
				ENABLE_STRICT_OBJC_MSGSEND = YES;
				ENABLE_TESTABILITY = YES;
				GCC_C_LANGUAGE_STANDARD = gnu11;
				GCC_DYNAMIC_NO_PIC = NO;
				GCC_NO_COMMON_BLOCKS = YES;
				GCC_OPTIMIZATION_LEVEL = 0;
				GCC_PREPROCESSOR_DEFINITIONS = (
					"DEBUG=1",
					"$(inherited)",
				);
				GCC_WARN_64_TO_32_BIT_CONVERSION = YES;
				GCC_WARN_ABOUT_RETURN_TYPE = YES_ERROR;
				GCC_WARN_UNDECLARED_SELECTOR = YES;
				GCC_WARN_UNINITIALIZED_AUTOS = YES_AGGRESSIVE;
				GCC_WARN_UNUSED_FUNCTION = YES;
				GCC_WARN_UNUSED_VARIABLE = YES;
				IPHONEOS_DEPLOYMENT_TARGET = 12.1;
				MTL_ENABLE_DEBUG_INFO = INCLUDE_SOURCE;
				MTL_FAST_MATH = YES;
				ONLY_ACTIVE_ARCH = YES;
				SDKROOT = iphoneos;
				SWIFT_ACTIVE_COMPILATION_CONDITIONS = DEBUG;
				SWIFT_OPTIMIZATION_LEVEL = "-Onone";
			};
			name = Debug;
		};
		0A81A63A223A4A3B006AA0A5 /* Release */ = {
			isa = XCBuildConfiguration;
			buildSettings = {
				ALWAYS_SEARCH_USER_PATHS = NO;
				CLANG_ANALYZER_NONNULL = YES;
				CLANG_ANALYZER_NUMBER_OBJECT_CONVERSION = YES_AGGRESSIVE;
				CLANG_CXX_LANGUAGE_STANDARD = "gnu++14";
				CLANG_CXX_LIBRARY = "libc++";
				CLANG_ENABLE_MODULES = YES;
				CLANG_ENABLE_OBJC_ARC = YES;
				CLANG_ENABLE_OBJC_WEAK = YES;
				CLANG_WARN_BLOCK_CAPTURE_AUTORELEASING = YES;
				CLANG_WARN_BOOL_CONVERSION = YES;
				CLANG_WARN_COMMA = YES;
				CLANG_WARN_CONSTANT_CONVERSION = YES;
				CLANG_WARN_DEPRECATED_OBJC_IMPLEMENTATIONS = YES;
				CLANG_WARN_DIRECT_OBJC_ISA_USAGE = YES_ERROR;
				CLANG_WARN_DOCUMENTATION_COMMENTS = YES;
				CLANG_WARN_EMPTY_BODY = YES;
				CLANG_WARN_ENUM_CONVERSION = YES;
				CLANG_WARN_INFINITE_RECURSION = YES;
				CLANG_WARN_INT_CONVERSION = YES;
				CLANG_WARN_NON_LITERAL_NULL_CONVERSION = YES;
				CLANG_WARN_OBJC_IMPLICIT_RETAIN_SELF = YES;
				CLANG_WARN_OBJC_LITERAL_CONVERSION = YES;
				CLANG_WARN_OBJC_ROOT_CLASS = YES_ERROR;
				CLANG_WARN_RANGE_LOOP_ANALYSIS = YES;
				CLANG_WARN_STRICT_PROTOTYPES = YES;
				CLANG_WARN_SUSPICIOUS_MOVE = YES;
				CLANG_WARN_UNGUARDED_AVAILABILITY = YES_AGGRESSIVE;
				CLANG_WARN_UNREACHABLE_CODE = YES;
				CLANG_WARN__DUPLICATE_METHOD_MATCH = YES;
				CODE_SIGN_IDENTITY = "iPhone Developer";
				COPY_PHASE_STRIP = NO;
				DEBUG_INFORMATION_FORMAT = "dwarf-with-dsym";
				ENABLE_NS_ASSERTIONS = NO;
				ENABLE_STRICT_OBJC_MSGSEND = YES;
				GCC_C_LANGUAGE_STANDARD = gnu11;
				GCC_NO_COMMON_BLOCKS = YES;
				GCC_WARN_64_TO_32_BIT_CONVERSION = YES;
				GCC_WARN_ABOUT_RETURN_TYPE = YES_ERROR;
				GCC_WARN_UNDECLARED_SELECTOR = YES;
				GCC_WARN_UNINITIALIZED_AUTOS = YES_AGGRESSIVE;
				GCC_WARN_UNUSED_FUNCTION = YES;
				GCC_WARN_UNUSED_VARIABLE = YES;
				IPHONEOS_DEPLOYMENT_TARGET = 12.1;
				MTL_ENABLE_DEBUG_INFO = NO;
				MTL_FAST_MATH = YES;
				SDKROOT = iphoneos;
				SWIFT_COMPILATION_MODE = wholemodule;
				SWIFT_OPTIMIZATION_LEVEL = "-O";
				VALIDATE_PRODUCT = YES;
			};
			name = Release;
		};
		0A81A63C223A4A3B006AA0A5 /* Debug */ = {
			isa = XCBuildConfiguration;
			buildSettings = {
				ASSETCATALOG_COMPILER_APPICON_NAME = AppIcon;
				CODE_SIGN_STYLE = Automatic;
				DEVELOPMENT_TEAM = CW5TRZT734;
				INFOPLIST_FILE = CarSimulator/Info.plist;
				LD_RUNPATH_SEARCH_PATHS = (
					"$(inherited)",
					"@executable_path/Frameworks",
				);
				PRODUCT_BUNDLE_IDENTIFIER = home.CarSimulator;
				PRODUCT_NAME = "$(TARGET_NAME)";
				SWIFT_VERSION = 4.2;
				TARGETED_DEVICE_FAMILY = "1,2";
			};
			name = Debug;
		};
		0A81A63D223A4A3B006AA0A5 /* Release */ = {
			isa = XCBuildConfiguration;
			buildSettings = {
				ASSETCATALOG_COMPILER_APPICON_NAME = AppIcon;
				CODE_SIGN_STYLE = Automatic;
				DEVELOPMENT_TEAM = CW5TRZT734;
				INFOPLIST_FILE = CarSimulator/Info.plist;
				LD_RUNPATH_SEARCH_PATHS = (
					"$(inherited)",
					"@executable_path/Frameworks",
				);
				PRODUCT_BUNDLE_IDENTIFIER = home.CarSimulator;
				PRODUCT_NAME = "$(TARGET_NAME)";
				SWIFT_VERSION = 4.2;
				TARGETED_DEVICE_FAMILY = "1,2";
			};
			name = Release;
		};
		0A81A63F223A4A3B006AA0A5 /* Debug */ = {
			isa = XCBuildConfiguration;
			buildSettings = {
				ALWAYS_EMBED_SWIFT_STANDARD_LIBRARIES = YES;
				BUNDLE_LOADER = "$(TEST_HOST)";
				CODE_SIGN_STYLE = Automatic;
				DEVELOPMENT_TEAM = CW5TRZT734;
				INFOPLIST_FILE = CarSimulatorTests/Info.plist;
				LD_RUNPATH_SEARCH_PATHS = (
					"$(inherited)",
					"@executable_path/Frameworks",
					"@loader_path/Frameworks",
				);
				PRODUCT_BUNDLE_IDENTIFIER = home.CarSimulatorTests;
				PRODUCT_NAME = "$(TARGET_NAME)";
				SWIFT_VERSION = 4.2;
				TARGETED_DEVICE_FAMILY = "1,2";
				TEST_HOST = "$(BUILT_PRODUCTS_DIR)/CarSimulator.app/CarSimulator";
			};
			name = Debug;
		};
		0A81A640223A4A3B006AA0A5 /* Release */ = {
			isa = XCBuildConfiguration;
			buildSettings = {
				ALWAYS_EMBED_SWIFT_STANDARD_LIBRARIES = YES;
				BUNDLE_LOADER = "$(TEST_HOST)";
				CODE_SIGN_STYLE = Automatic;
				DEVELOPMENT_TEAM = CW5TRZT734;
				INFOPLIST_FILE = CarSimulatorTests/Info.plist;
				LD_RUNPATH_SEARCH_PATHS = (
					"$(inherited)",
					"@executable_path/Frameworks",
					"@loader_path/Frameworks",
				);
				PRODUCT_BUNDLE_IDENTIFIER = home.CarSimulatorTests;
				PRODUCT_NAME = "$(TARGET_NAME)";
				SWIFT_VERSION = 4.2;
				TARGETED_DEVICE_FAMILY = "1,2";
				TEST_HOST = "$(BUILT_PRODUCTS_DIR)/CarSimulator.app/CarSimulator";
			};
			name = Release;
		};
/* End XCBuildConfiguration section */

/* Begin XCConfigurationList section */
		0A81A619223A4A3A006AA0A5 /* Build configuration list for PBXProject "CarSimulator" */ = {
			isa = XCConfigurationList;
			buildConfigurations = (
				0A81A639223A4A3B006AA0A5 /* Debug */,
				0A81A63A223A4A3B006AA0A5 /* Release */,
			);
			defaultConfigurationIsVisible = 0;
			defaultConfigurationName = Release;
		};
		0A81A63B223A4A3B006AA0A5 /* Build configuration list for PBXNativeTarget "CarSimulator" */ = {
			isa = XCConfigurationList;
			buildConfigurations = (
				0A81A63C223A4A3B006AA0A5 /* Debug */,
				0A81A63D223A4A3B006AA0A5 /* Release */,
			);
			defaultConfigurationIsVisible = 0;
			defaultConfigurationName = Release;
		};
		0A81A63E223A4A3B006AA0A5 /* Build configuration list for PBXNativeTarget "CarSimulatorTests" */ = {
			isa = XCConfigurationList;
			buildConfigurations = (
				0A81A63F223A4A3B006AA0A5 /* Debug */,
				0A81A640223A4A3B006AA0A5 /* Release */,
			);
			defaultConfigurationIsVisible = 0;
			defaultConfigurationName = Release;
		};
/* End XCConfigurationList section */
	};
	rootObject = 0A81A616223A4A3A006AA0A5 /* Project object */;
}
